// !$*UTF8*$!
{
	archiveVersion = 1;
	classes = {
	};
	objectVersion = 50;
	objects = {

/* Begin PBXBuildFile section */
		4C10FA0F20CC7A5200C06295 /* AppDelegate.swift in Sources */ = {isa = PBXBuildFile; fileRef = 4C10FA0E20CC7A5200C06295 /* AppDelegate.swift */; };
		4C10FA1120CC7A5200C06295 /* ViewController.swift in Sources */ = {isa = PBXBuildFile; fileRef = 4C10FA1020CC7A5200C06295 /* ViewController.swift */; };
		4C10FA1420CC7A5200C06295 /* Main.storyboard in Resources */ = {isa = PBXBuildFile; fileRef = 4C10FA1220CC7A5200C06295 /* Main.storyboard */; };
		4C10FA1620CC7A5800C06295 /* Assets.xcassets in Resources */ = {isa = PBXBuildFile; fileRef = 4C10FA1520CC7A5800C06295 /* Assets.xcassets */; };
		4C10FA1920CC7A5800C06295 /* LaunchScreen.storyboard in Resources */ = {isa = PBXBuildFile; fileRef = 4C10FA1720CC7A5800C06295 /* LaunchScreen.storyboard */; };
		4C10FA2420CCE5C500C06295 /* MapKit.framework in Frameworks */ = {isa = PBXBuildFile; fileRef = 4C10FA2320CCE5C500C06295 /* MapKit.framework */; };
/* End PBXBuildFile section */

/* Begin PBXFileReference section */
		4C10FA0B20CC7A5100C06295 /* Final_pharo_app.app */ = {isa = PBXFileReference; explicitFileType = wrapper.application; includeInIndex = 0; path = Final_pharo_app.app; sourceTree = BUILT_PRODUCTS_DIR; };
		4C10FA0E20CC7A5200C06295 /* AppDelegate.swift */ = {isa = PBXFileReference; lastKnownFileType = sourcecode.swift; path = AppDelegate.swift; sourceTree = "<group>"; };
		4C10FA1020CC7A5200C06295 /* ViewController.swift */ = {isa = PBXFileReference; lastKnownFileType = sourcecode.swift; path = ViewController.swift; sourceTree = "<group>"; };
		4C10FA1320CC7A5200C06295 /* Base */ = {isa = PBXFileReference; lastKnownFileType = file.storyboard; name = Base; path = Base.lproj/Main.storyboard; sourceTree = "<group>"; };
		4C10FA1520CC7A5800C06295 /* Assets.xcassets */ = {isa = PBXFileReference; lastKnownFileType = folder.assetcatalog; path = Assets.xcassets; sourceTree = "<group>"; };
		4C10FA1820CC7A5800C06295 /* Base */ = {isa = PBXFileReference; lastKnownFileType = file.storyboard; name = Base; path = Base.lproj/LaunchScreen.storyboard; sourceTree = "<group>"; };
		4C10FA1A20CC7A5800C06295 /* Info.plist */ = {isa = PBXFileReference; lastKnownFileType = text.plist.xml; path = Info.plist; sourceTree = "<group>"; };
		4C10FA2320CCE5C500C06295 /* MapKit.framework */ = {isa = PBXFileReference; lastKnownFileType = wrapper.framework; name = MapKit.framework; path = System/Library/Frameworks/MapKit.framework; sourceTree = SDKROOT; };
/* End PBXFileReference section */

/* Begin PBXFrameworksBuildPhase section */
		4C10FA0820CC7A5100C06295 /* Frameworks */ = {
			isa = PBXFrameworksBuildPhase;
			buildActionMask = 2147483647;
			files = (
				4C10FA2420CCE5C500C06295 /* MapKit.framework in Frameworks */,
			);
			runOnlyForDeploymentPostprocessing = 0;
		};
/* End PBXFrameworksBuildPhase section */

/* Begin PBXGroup section */
		4C10FA0220CC7A5100C06295 = {
			isa = PBXGroup;
			children = (
				4C10FA0D20CC7A5100C06295 /* Final_pharo_app */,
				4C10FA0C20CC7A5100C06295 /* Products */,
				4C10FA2020CCE5C400C06295 /* Frameworks */,
			);
			sourceTree = "<group>";
		};
		4C10FA0C20CC7A5100C06295 /* Products */ = {
			isa = PBXGroup;
			children = (
				4C10FA0B20CC7A5100C06295 /* Final_pharo_app.app */,
			);
			name = Products;
			sourceTree = "<group>";
		};
		4C10FA0D20CC7A5100C06295 /* Final_pharo_app */ = {
			isa = PBXGroup;
			children = (
				4C10FA0E20CC7A5200C06295 /* AppDelegate.swift */,
				4C10FA1020CC7A5200C06295 /* ViewController.swift */,
				4C10FA1220CC7A5200C06295 /* Main.storyboard */,
				4C10FA1520CC7A5800C06295 /* Assets.xcassets */,
				4C10FA1720CC7A5800C06295 /* LaunchScreen.storyboard */,
				4C10FA1A20CC7A5800C06295 /* Info.plist */,
			);
			path = Final_pharo_app;
			sourceTree = "<group>";
		};
		4C10FA2020CCE5C400C06295 /* Frameworks */ = {
			isa = PBXGroup;
			children = (
				4C10FA2320CCE5C500C06295 /* MapKit.framework */,
			);
			name = Frameworks;
			sourceTree = "<group>";
		};
/* End PBXGroup section */

/* Begin PBXNativeTarget section */
		4C10FA0A20CC7A5100C06295 /* Final_pharo_app */ = {
			isa = PBXNativeTarget;
			buildConfigurationList = 4C10FA1D20CC7A5800C06295 /* Build configuration list for PBXNativeTarget "Final_pharo_app" */;
			buildPhases = (
				4C10FA0720CC7A5100C06295 /* Sources */,
				4C10FA0820CC7A5100C06295 /* Frameworks */,
				4C10FA0920CC7A5100C06295 /* Resources */,
			);
			buildRules = (
			);
			dependencies = (
			);
			name = Final_pharo_app;
			productName = Final_pharo_app;
			productReference = 4C10FA0B20CC7A5100C06295 /* Final_pharo_app.app */;
			productType = "com.apple.product-type.application";
		};
/* End PBXNativeTarget section */

/* Begin PBXProject section */
		4C10FA0320CC7A5100C06295 /* Project object */ = {
			isa = PBXProject;
			attributes = {
				LastSwiftUpdateCheck = 0940;
				LastUpgradeCheck = 0940;
				ORGANIZATIONNAME = company;
				TargetAttributes = {
					4C10FA0A20CC7A5100C06295 = {
						CreatedOnToolsVersion = 9.4;
						SystemCapabilities = {
							com.apple.BackgroundModes = {
								enabled = 1;
							};
							com.apple.Maps.iOS = {
								enabled = 1;
							};
						};
					};
				};
			};
			buildConfigurationList = 4C10FA0620CC7A5100C06295 /* Build configuration list for PBXProject "Final_pharo_app" */;
			compatibilityVersion = "Xcode 9.3";
			developmentRegion = en;
			hasScannedForEncodings = 0;
			knownRegions = (
				en,
				Base,
			);
			mainGroup = 4C10FA0220CC7A5100C06295;
			productRefGroup = 4C10FA0C20CC7A5100C06295 /* Products */;
			projectDirPath = "";
			projectRoot = "";
			targets = (
				4C10FA0A20CC7A5100C06295 /* Final_pharo_app */,
			);
		};
/* End PBXProject section */

/* Begin PBXResourcesBuildPhase section */
		4C10FA0920CC7A5100C06295 /* Resources */ = {
			isa = PBXResourcesBuildPhase;
			buildActionMask = 2147483647;
			files = (
				4C10FA1920CC7A5800C06295 /* LaunchScreen.storyboard in Resources */,
				4C10FA1620CC7A5800C06295 /* Assets.xcassets in Resources */,
				4C10FA1420CC7A5200C06295 /* Main.storyboard in Resources */,
			);
			runOnlyForDeploymentPostprocessing = 0;
		};
/* End PBXResourcesBuildPhase section */

/* Begin PBXSourcesBuildPhase section */
		4C10FA0720CC7A5100C06295 /* Sources */ = {
			isa = PBXSourcesBuildPhase;
			buildActionMask = 2147483647;
			files = (
				4C10FA1120CC7A5200C06295 /* ViewController.swift in Sources */,
				4C10FA0F20CC7A5200C06295 /* AppDelegate.swift in Sources */,
			);
			runOnlyForDeploymentPostprocessing = 0;
		};
/* End PBXSourcesBuildPhase section */

/* Begin PBXVariantGroup section */
		4C10FA1220CC7A5200C06295 /* Main.storyboard */ = {
			isa = PBXVariantGroup;
			children = (
				4C10FA1320CC7A5200C06295 /* Base */,
			);
			name = Main.storyboard;
			sourceTree = "<group>";
		};
		4C10FA1720CC7A5800C06295 /* LaunchScreen.storyboard */ = {
			isa = PBXVariantGroup;
			children = (
				4C10FA1820CC7A5800C06295 /* Base */,
			);
			name = LaunchScreen.storyboard;
			sourceTree = "<group>";
		};
/* End PBXVariantGroup section */

/* Begin XCBuildConfiguration section */
		4C10FA1B20CC7A5800C06295 /* Debug */ = {
			isa = XCBuildConfiguration;
			buildSettings = {
				ALWAYS_SEARCH_USER_PATHS = NO;
				CLANG_ANALYZER_NONNULL = YES;
				CLANG_ANALYZER_NUMBER_OBJECT_CONVERSION = YES_AGGRESSIVE;
				CLANG_CXX_LANGUAGE_STANDARD = "gnu++14";
				CLANG_CXX_LIBRARY = "libc++";
				CLANG_ENABLE_MODULES = YES;
				CLANG_ENABLE_OBJC_ARC = YES;
				CLANG_ENABLE_OBJC_WEAK = YES;
				CLANG_WARN_BLOCK_CAPTURE_AUTORELEASING = YES;
				CLANG_WARN_BOOL_CONVERSION = YES;
				CLANG_WARN_COMMA = YES;
				CLANG_WARN_CONSTANT_CONVERSION = YES;
				CLANG_WARN_DEPRECATED_OBJC_IMPLEMENTATIONS = YES;
				CLANG_WARN_DIRECT_OBJC_ISA_USAGE = YES_ERROR;
				CLANG_WARN_DOCUMENTATION_COMMENTS = YES;
				CLANG_WARN_EMPTY_BODY = YES;
				CLANG_WARN_ENUM_CONVERSION = YES;
				CLANG_WARN_INFINITE_RECURSION = YES;
				CLANG_WARN_INT_CONVERSION = YES;
				CLANG_WARN_NON_LITERAL_NULL_CONVERSION = YES;
				CLANG_WARN_OBJC_IMPLICIT_RETAIN_SELF = YES;
				CLANG_WARN_OBJC_LITERAL_CONVERSION = YES;
				CLANG_WARN_OBJC_ROOT_CLASS = YES_ERROR;
				CLANG_WARN_RANGE_LOOP_ANALYSIS = YES;
				CLANG_WARN_STRICT_PROTOTYPES = YES;
				CLANG_WARN_SUSPICIOUS_MOVE = YES;
				CLANG_WARN_UNGUARDED_AVAILABILITY = YES_AGGRESSIVE;
				CLANG_WARN_UNREACHABLE_CODE = YES;
				CLANG_WARN__DUPLICATE_METHOD_MATCH = YES;
				CODE_SIGN_IDENTITY = "iPhone Developer";
				COPY_PHASE_STRIP = NO;
				DEBUG_INFORMATION_FORMAT = dwarf;
				ENABLE_STRICT_OBJC_MSGSEND = YES;
				ENABLE_TESTABILITY = YES;
				GCC_C_LANGUAGE_STANDARD = gnu11;
				GCC_DYNAMIC_NO_PIC = NO;
				GCC_NO_COMMON_BLOCKS = YES;
				GCC_OPTIMIZATION_LEVEL = 0;
				GCC_PREPROCESSOR_DEFINITIONS = (
					"DEBUG=1",
					"$(inherited)",
				);
				GCC_WARN_64_TO_32_BIT_CONVERSION = YES;
				GCC_WARN_ABOUT_RETURN_TYPE = YES_ERROR;
				GCC_WARN_UNDECLARED_SELECTOR = YES;
				GCC_WARN_UNINITIALIZED_AUTOS = YES_AGGRESSIVE;
				GCC_WARN_UNUSED_FUNCTION = YES;
				GCC_WARN_UNUSED_VARIABLE = YES;
				IPHONEOS_DEPLOYMENT_TARGET = 11.4;
				MTL_ENABLE_DEBUG_INFO = YES;
				ONLY_ACTIVE_ARCH = YES;
				SDKROOT = iphoneos;
				SWIFT_ACTIVE_COMPILATION_CONDITIONS = DEBUG;
				SWIFT_OPTIMIZATION_LEVEL = "-Onone";
			};
			name = Debug;
		};
		4C10FA1C20CC7A5800C06295 /* Release */ = {
			isa = XCBuildConfiguration;
			buildSettings = {
				ALWAYS_SEARCH_USER_PATHS = NO;
				CLANG_ANALYZER_NONNULL = YES;
				CLANG_ANALYZER_NUMBER_OBJECT_CONVERSION = YES_AGGRESSIVE;
				CLANG_CXX_LANGUAGE_STANDARD = "gnu++14";
				CLANG_CXX_LIBRARY = "libc++";
				CLANG_ENABLE_MODULES = YES;
				CLANG_ENABLE_OBJC_ARC = YES;
				CLANG_ENABLE_OBJC_WEAK = YES;
				CLANG_WARN_BLOCK_CAPTURE_AUTORELEASING = YES;
				CLANG_WARN_BOOL_CONVERSION = YES;
				CLANG_WARN_COMMA = YES;
				CLANG_WARN_CONSTANT_CONVERSION = YES;
				CLANG_WARN_DEPRECATED_OBJC_IMPLEMENTATIONS = YES;
				CLANG_WARN_DIRECT_OBJC_ISA_USAGE = YES_ERROR;
				CLANG_WARN_DOCUMENTATION_COMMENTS = YES;
				CLANG_WARN_EMPTY_BODY = YES;
				CLANG_WARN_ENUM_CONVERSION = YES;
				CLANG_WARN_INFINITE_RECURSION = YES;
				CLANG_WARN_INT_CONVERSION = YES;
				CLANG_WARN_NON_LITERAL_NULL_CONVERSION = YES;
				CLANG_WARN_OBJC_IMPLICIT_RETAIN_SELF = YES;
				CLANG_WARN_OBJC_LITERAL_CONVERSION = YES;
				CLANG_WARN_OBJC_ROOT_CLASS = YES_ERROR;
				CLANG_WARN_RANGE_LOOP_ANALYSIS = YES;
				CLANG_WARN_STRICT_PROTOTYPES = YES;
				CLANG_WARN_SUSPICIOUS_MOVE = YES;
				CLANG_WARN_UNGUARDED_AVAILABILITY = YES_AGGRESSIVE;
				CLANG_WARN_UNREACHABLE_CODE = YES;
				CLANG_WARN__DUPLICATE_METHOD_MATCH = YES;
				CODE_SIGN_IDENTITY = "iPhone Developer";
				COPY_PHASE_STRIP = NO;
				DEBUG_INFORMATION_FORMAT = "dwarf-with-dsym";
				ENABLE_NS_ASSERTIONS = NO;
				ENABLE_STRICT_OBJC_MSGSEND = YES;
				GCC_C_LANGUAGE_STANDARD = gnu11;
				GCC_NO_COMMON_BLOCKS = YES;
				GCC_WARN_64_TO_32_BIT_CONVERSION = YES;
				GCC_WARN_ABOUT_RETURN_TYPE = YES_ERROR;
				GCC_WARN_UNDECLARED_SELECTOR = YES;
				GCC_WARN_UNINITIALIZED_AUTOS = YES_AGGRESSIVE;
				GCC_WARN_UNUSED_FUNCTION = YES;
				GCC_WARN_UNUSED_VARIABLE = YES;
				IPHONEOS_DEPLOYMENT_TARGET = 11.4;
				MTL_ENABLE_DEBUG_INFO = NO;
				SDKROOT = iphoneos;
				SWIFT_COMPILATION_MODE = wholemodule;
				SWIFT_OPTIMIZATION_LEVEL = "-O";
				VALIDATE_PRODUCT = YES;
			};
			name = Release;
		};
		4C10FA1E20CC7A5800C06295 /* Debug */ = {
			isa = XCBuildConfiguration;
			buildSettings = {
				ASSETCATALOG_COMPILER_APPICON_NAME = AppIcon;
				CODE_SIGN_STYLE = Automatic;
				DEVELOPMENT_TEAM = WFZSH537VB;
				INFOPLIST_FILE = Final_pharo_app/Info.plist;
				LD_RUNPATH_SEARCH_PATHS = (
					"$(inherited)",
					"@executable_path/Frameworks",
				);
				PRODUCT_BUNDLE_IDENTIFIER = "com.company.Final-pharo-app";
				PRODUCT_NAME = "$(TARGET_NAME)";
				SWIFT_VERSION = 4.0;
				TARGETED_DEVICE_FAMILY = "1,2";
			};
			name = Debug;
		};
		4C10FA1F20CC7A5800C06295 /* Release */ = {
			isa = XCBuildConfiguration;
			buildSettings = {
				ASSETCATALOG_COMPILER_APPICON_NAME = AppIcon;
				CODE_SIGN_STYLE = Automatic;
				DEVELOPMENT_TEAM = WFZSH537VB;
				INFOPLIST_FILE = Final_pharo_app/Info.plist;
				LD_RUNPATH_SEARCH_PATHS = (
					"$(inherited)",
					"@executable_path/Frameworks",
				);
				PRODUCT_BUNDLE_IDENTIFIER = "com.company.Final-pharo-app";
				PRODUCT_NAME = "$(TARGET_NAME)";
				SWIFT_VERSION = 4.0;
				TARGETED_DEVICE_FAMILY = "1,2";
			};
			name = Release;
		};
/* End XCBuildConfiguration section */

/* Begin XCConfigurationList section */
		4C10FA0620CC7A5100C06295 /* Build configuration list for PBXProject "Final_pharo_app" */ = {
			isa = XCConfigurationList;
			buildConfigurations = (
				4C10FA1B20CC7A5800C06295 /* Debug */,
				4C10FA1C20CC7A5800C06295 /* Release */,
			);
			defaultConfigurationIsVisible = 0;
			defaultConfigurationName = Release;
		};
		4C10FA1D20CC7A5800C06295 /* Build configuration list for PBXNativeTarget "Final_pharo_app" */ = {
			isa = XCConfigurationList;
			buildConfigurations = (
				4C10FA1E20CC7A5800C06295 /* Debug */,
				4C10FA1F20CC7A5800C06295 /* Release */,
			);
			defaultConfigurationIsVisible = 0;
			defaultConfigurationName = Release;
		};
/* End XCConfigurationList section */
	};
	rootObject = 4C10FA0320CC7A5100C06295 /* Project object */;
}
